
Microsoft Visual Studio Solution File, Format Version 12.00
# Visual Studio Version 17
VisualStudioVersion = 17.8.34330.188
MinimumVisualStudioVersion = 10.0.40219.1
Project("{9A19103F-16F7-4668-BE54-9A1E7A4F7556}") = "CSI2312_Assessment", "CSI2312_VersionControlWorkshop\CSI2312_Assessment.csproj", "{9FD32006-8E5F-4CC4-B45D-1560EDE43683}"
EndProject
Global
	GlobalSection(SolutionConfigurationPlatforms) = preSolution
		Debug|Any CPU = Debug|Any CPU
		Release|Any CPU = Release|Any CPU
	EndGlobalSection
	GlobalSection(ProjectConfigurationPlatforms) = postSolution
		{9FD32006-8E5F-4CC4-B45D-1560EDE43683}.Debug|Any CPU.ActiveCfg = Debug|Any CPU
		{9FD32006-8E5F-4CC4-B45D-1560EDE43683}.Debug|Any CPU.Build.0 = Debug|Any CPU
		{9FD32006-8E5F-4CC4-B45D-1560EDE43683}.Release|Any CPU.ActiveCfg = Release|Any CPU
		{9FD32006-8E5F-4CC4-B45D-1560EDE43683}.Release|Any CPU.Build.0 = Release|Any CPU
	EndGlobalSection
	GlobalSection(SolutionProperties) = preSolution
		HideSolutionNode = FALSE
	EndGlobalSection
	GlobalSection(ExtensibilityGlobals) = postSolution
		SolutionGuid = {BDBC67A1-C29E-47C2-97E5-21413AA34E68}
	EndGlobalSection
EndGlobal
